<?xml version="1.0" encoding="utf-8"?>
<Project ToolsVersion="4.0" xmlns="http://schemas.microsoft.com/developer/msbuild/2003">
  <ItemGroup>
    <Filter Include="ソース ファイル">
      <UniqueIdentifier>{4FC737F1-C7A5-4376-A066-2A32D752A2FF}</UniqueIdentifier>
      <Extensions>cpp;c;cc;cxx;def;odl;idl;hpj;bat;asm;asmx</Extensions>
    </Filter>
    <Filter Include="リソース ファイル">
      <UniqueIdentifier>{67DA6AB6-F800-4c08-8B7A-83BB121AAD01}</UniqueIdentifier>
      <Extensions>rc;ico;cur;bmp;dlg;rc2;rct;bin;rgs;gif;jpg;jpeg;jpe;resx;tiff;tif;png;wav;mfcribbon-ms</Extensions>
    </Filter>
  </ItemGroup>
  <ItemGroup>
    <ClCompile Include="stdafx.cpp">
      <Filter>ソース ファイル</Filter>
    </ClCompile>
    <ClCompile Include="System.cpp">
      <Filter>ソース ファイル</Filter>
    </ClCompile>
    <ClCompile Include="main.cpp">
      <Filter>ソース ファイル</Filter>
    </ClCompile>
    <ClCompile Include="GameObject.cpp">
      <Filter>ソース ファイル</Filter>
    </ClCompile>
    <ClCompile Include="SkinModel.cpp">
      <Filter>ソース ファイル</Filter>
    </ClCompile>
    <ClCompile Include="SkinModelData.cpp">
      <Filter>ソース ファイル</Filter>
    </ClCompile>
    <ClCompile Include="SceneManager.cpp">
      <Filter>ソース ファイル</Filter>
    </ClCompile>
    <ClCompile Include="Animation.cpp">
      <Filter>ソース ファイル</Filter>
    </ClCompile>
    <ClCompile Include="bloom.cpp">
      <Filter>ソース ファイル</Filter>
    </ClCompile>
    <ClCompile Include="camera.cpp">
      <Filter>ソース ファイル</Filter>
    </ClCompile>
    <ClCompile Include="CapsuleCollider.cpp">
      <Filter>ソース ファイル</Filter>
    </ClCompile>
    <ClCompile Include="CharacterController.cpp">
      <Filter>ソース ファイル</Filter>
    </ClCompile>
    <ClCompile Include="EffectManager.cpp">
      <Filter>ソース ファイル</Filter>
    </ClCompile>
    <ClCompile Include="IndexBuffer.cpp">
      <Filter>ソース ファイル</Filter>
    </ClCompile>
    <ClCompile Include="Input.cpp">
      <Filter>ソース ファイル</Filter>
    </ClCompile>
    <ClCompile Include="KeyInput.cpp">
      <Filter>ソース ファイル</Filter>
    </ClCompile>
    <ClCompile Include="Map.cpp">
      <Filter>ソース ファイル</Filter>
    </ClCompile>
    <ClCompile Include="MapChip.cpp">
      <Filter>ソース ファイル</Filter>
    </ClCompile>
    <ClCompile Include="MeshCollider.cpp">
      <Filter>ソース ファイル</Filter>
    </ClCompile>
    <ClCompile Include="Pad.cpp">
      <Filter>ソース ファイル</Filter>
    </ClCompile>
    <ClCompile Include="Particle.cpp">
      <Filter>ソース ファイル</Filter>
    </ClCompile>
    <ClCompile Include="ParticleEmitter.cpp">
      <Filter>ソース ファイル</Filter>
    </ClCompile>
    <ClCompile Include="Physics.cpp">
      <Filter>ソース ファイル</Filter>
    </ClCompile>
    <ClCompile Include="Primitive.cpp">
      <Filter>ソース ファイル</Filter>
    </ClCompile>
    <ClCompile Include="RenderTarget.cpp">
      <Filter>ソース ファイル</Filter>
    </ClCompile>
    <ClCompile Include="RigidBody.cpp">
      <Filter>ソース ファイル</Filter>
    </ClCompile>
    <ClCompile Include="shadow.cpp">
      <Filter>ソース ファイル</Filter>
    </ClCompile>
    <ClCompile Include="Sprite.cpp">
      <Filter>ソース ファイル</Filter>
    </ClCompile>
    <ClCompile Include="tkEnginePreCompile.cpp">
      <Filter>ソース ファイル</Filter>
    </ClCompile>
    <ClCompile Include="VertexBuffer.cpp">
      <Filter>ソース ファイル</Filter>
    </ClCompile>
    <ClCompile Include="GameScene.cpp">
      <Filter>ソース ファイル</Filter>
    </ClCompile>
    <ClCompile Include="Player.cpp">
      <Filter>ソース ファイル</Filter>
    </ClCompile>
    <ClCompile Include="PlayerCamera.cpp">
      <Filter>ソース ファイル</Filter>
    </ClCompile>
    <ClCompile Include="Tama.cpp">
      <Filter>ソース ファイル</Filter>
    </ClCompile>
    <ClCompile Include="PlayerStateIdol.cpp">
      <Filter>ソース ファイル</Filter>
    </ClCompile>
    <ClCompile Include="PlayerStateRun.cpp">
      <Filter>ソース ファイル</Filter>
    </ClCompile>
    <ClCompile Include="Enemy.cpp">
      <Filter>ソース ファイル</Filter>
    </ClCompile>
    <ClCompile Include="EnemyManager.cpp">
      <Filter>ソース ファイル</Filter>
    </ClCompile>
    <ClCompile Include="TitleScene.cpp">
      <Filter>ソース ファイル</Filter>
    </ClCompile>
    <ClCompile Include="Title.cpp">
      <Filter>ソース ファイル</Filter>
    </ClCompile>
    <ClCompile Include="Boss.cpp">
      <Filter>ソース ファイル</Filter>
    </ClCompile>
    <ClCompile Include="HpBar.cpp">
      <Filter>ソース ファイル</Filter>
    </ClCompile>
    <ClCompile Include="Texture.cpp">
      <Filter>ソース ファイル</Filter>
    </ClCompile>
    <ClCompile Include="PlayerStateDamage.cpp">
      <Filter>ソース ファイル</Filter>
    </ClCompile>
    <ClCompile Include="PlayerStateDead.cpp">
      <Filter>ソース ファイル</Filter>
    </ClCompile>
    <ClCompile Include="BallCollision.cpp">
      <Filter>ソース ファイル</Filter>
    </ClCompile>
    <ClCompile Include="BossHp.cpp">
      <Filter>ソース ファイル</Filter>
    </ClCompile>
    <ClCompile Include="SkyBox.cpp">
      <Filter>ソース ファイル</Filter>
    </ClCompile>
    <ClCompile Include="Complete2D.cpp">
      <Filter>ソース ファイル</Filter>
    </ClCompile>
    <ClCompile Include="GameOver2D.cpp">
      <Filter>ソース ファイル</Filter>
    </ClCompile>
    <ClCompile Include="LockOn2D.cpp">
      <Filter>ソース ファイル</Filter>
    </ClCompile>
    <ClCompile Include="BossTama.cpp">
      <Filter>ソース ファイル</Filter>
    </ClCompile>
    <ClCompile Include="SoundEngine.cpp">
      <Filter>ソース ファイル</Filter>
    </ClCompile>
    <ClCompile Include="SoundSource.cpp">
      <Filter>ソース ファイル</Filter>
    </ClCompile>
    <ClCompile Include="WaveFile.cpp">
      <Filter>ソース ファイル</Filter>
    </ClCompile>
    <ClCompile Include="BaseTama.cpp">
      <Filter>ソース ファイル</Filter>
    </ClCompile>
    <ClCompile Include="EnemyTama.cpp">
      <Filter>ソース ファイル</Filter>
    </ClCompile>
  </ItemGroup>
  <ItemGroup>
    <ClInclude Include="Animation.h">
      <Filter>ソース ファイル</Filter>
    </ClInclude>
    <ClInclude Include="bloom.h">
      <Filter>ソース ファイル</Filter>
    </ClInclude>
    <ClInclude Include="camera.h">
      <Filter>ソース ファイル</Filter>
    </ClInclude>
    <ClInclude Include="CapsuleCollider.h">
      <Filter>ソース ファイル</Filter>
    </ClInclude>
    <ClInclude Include="CharacterController.h">
      <Filter>ソース ファイル</Filter>
    </ClInclude>
    <ClInclude Include="CollisionAttr.h">
      <Filter>ソース ファイル</Filter>
    </ClInclude>
    <ClInclude Include="EffectManager.h">
      <Filter>ソース ファイル</Filter>
    </ClInclude>
    <ClInclude Include="GameObject.h">
      <Filter>ソース ファイル</Filter>
    </ClInclude>
    <ClInclude Include="ICollider.h">
      <Filter>ソース ファイル</Filter>
    </ClInclude>
    <ClInclude Include="GameScene.h">
      <Filter>ソース ファイル</Filter>
    </ClInclude>
    <ClInclude Include="IndexBuffer.h">
      <Filter>ソース ファイル</Filter>
    </ClInclude>
    <ClInclude Include="Input.h">
      <Filter>ソース ファイル</Filter>
    </ClInclude>
    <ClInclude Include="KeyInput.h">
      <Filter>ソース ファイル</Filter>
    </ClInclude>
    <ClInclude Include="light.h">
      <Filter>ソース ファイル</Filter>
    </ClInclude>
    <ClInclude Include="locationInfo.h">
      <Filter>ソース ファイル</Filter>
    </ClInclude>
    <ClInclude Include="Map.h">
      <Filter>ソース ファイル</Filter>
    </ClInclude>
    <ClInclude Include="MapChip.h">
      <Filter>ソース ファイル</Filter>
    </ClInclude>
    <ClInclude Include="MeshCollider.h">
      <Filter>ソース ファイル</Filter>
    </ClInclude>
    <ClInclude Include="Pad.h">
      <Filter>ソース ファイル</Filter>
    </ClInclude>
    <ClInclude Include="Particle.h">
      <Filter>ソース ファイル</Filter>
    </ClInclude>
    <ClInclude Include="ParticleEmitter.h">
      <Filter>ソース ファイル</Filter>
    </ClInclude>
    <ClInclude Include="Physics.h">
      <Filter>ソース ファイル</Filter>
    </ClInclude>
    <ClInclude Include="Player.h">
      <Filter>ソース ファイル</Filter>
    </ClInclude>
    <ClInclude Include="PlayerCamera.h">
      <Filter>ソース ファイル</Filter>
    </ClInclude>
    <ClInclude Include="Primitive.h">
      <Filter>ソース ファイル</Filter>
    </ClInclude>
    <ClInclude Include="RenderTarget.h">
      <Filter>ソース ファイル</Filter>
    </ClInclude>
    <ClInclude Include="RigidBody.h">
      <Filter>ソース ファイル</Filter>
    </ClInclude>
    <ClInclude Include="Scene.h">
      <Filter>ソース ファイル</Filter>
    </ClInclude>
    <ClInclude Include="shadow.h">
      <Filter>ソース ファイル</Filter>
    </ClInclude>
    <ClInclude Include="SceneManager.h">
      <Filter>ソース ファイル</Filter>
    </ClInclude>
    <ClInclude Include="SkinModelData.h">
      <Filter>ソース ファイル</Filter>
    </ClInclude>
    <ClInclude Include="SkinModel.h">
      <Filter>ソース ファイル</Filter>
    </ClInclude>
    <ClInclude Include="Sprite.h">
      <Filter>ソース ファイル</Filter>
    </ClInclude>
    <ClInclude Include="stdafx.h">
      <Filter>ソース ファイル</Filter>
    </ClInclude>
    <ClInclude Include="System.h">
      <Filter>ソース ファイル</Filter>
    </ClInclude>
    <ClInclude Include="Tama.h">
      <Filter>ソース ファイル</Filter>
    </ClInclude>
    <ClInclude Include="tkAssert.h">
      <Filter>ソース ファイル</Filter>
    </ClInclude>
    <ClInclude Include="tkEnginePreCompile.h">
      <Filter>ソース ファイル</Filter>
    </ClInclude>
    <ClInclude Include="typedef.h">
      <Filter>ソース ファイル</Filter>
    </ClInclude>
    <ClInclude Include="tkNoncopyable.h">
      <Filter>ソース ファイル</Filter>
    </ClInclude>
    <ClInclude Include="VertexBuffer.h">
      <Filter>ソース ファイル</Filter>
    </ClInclude>
    <ClInclude Include="PlayerState.h">
      <Filter>ソース ファイル</Filter>
    </ClInclude>
    <ClInclude Include="PlayerStateIdol.h">
      <Filter>ソース ファイル</Filter>
    </ClInclude>
    <ClInclude Include="PlayerStateRun.h">
      <Filter>ソース ファイル</Filter>
    </ClInclude>
    <ClInclude Include="Enemy.h">
      <Filter>ソース ファイル</Filter>
    </ClInclude>
    <ClInclude Include="Enemyinfo.h">
      <Filter>ソース ファイル</Filter>
    </ClInclude>
    <ClInclude Include="EnemyManager.h">
      <Filter>ソース ファイル</Filter>
    </ClInclude>
    <ClInclude Include="TitleScene.h">
      <Filter>ソース ファイル</Filter>
    </ClInclude>
    <ClInclude Include="Boss.h">
      <Filter>ソース ファイル</Filter>
    </ClInclude>
    <ClInclude Include="Title.h">
      <Filter>ソース ファイル</Filter>
    </ClInclude>
    <ClInclude Include="HpBar.h">
      <Filter>ソース ファイル</Filter>
    </ClInclude>
    <ClInclude Include="Texture.h">
      <Filter>ソース ファイル</Filter>
    </ClInclude>
    <ClInclude Include="PlayerStateDamage.h">
      <Filter>ソース ファイル</Filter>
    </ClInclude>
    <ClInclude Include="PlayerStateDead.h">
      <Filter>ソース ファイル</Filter>
    </ClInclude>
    <ClInclude Include="BallCollision.h">
      <Filter>ソース ファイル</Filter>
    </ClInclude>
    <ClInclude Include="SkyBox.h">
      <Filter>ソース ファイル</Filter>
    </ClInclude>
    <ClInclude Include="BossHp.h">
      <Filter>ソース ファイル</Filter>
    </ClInclude>
    <ClInclude Include="Complete2D.h">
      <Filter>ソース ファイル</Filter>
    </ClInclude>
    <ClInclude Include="GameOver2D.h">
      <Filter>ソース ファイル</Filter>
    </ClInclude>
    <ClInclude Include="LockOn2D.h">
      <Filter>ソース ファイル</Filter>
    </ClInclude>
    <ClInclude Include="BossTama.h">
      <Filter>ソース ファイル</Filter>
    </ClInclude>
    <ClInclude Include="SoundEngine.h">
      <Filter>ソース ファイル</Filter>
    </ClInclude>
    <ClInclude Include="SoundSource.h">
      <Filter>ソース ファイル</Filter>
    </ClInclude>
    <ClInclude Include="WaveFile.h">
      <Filter>ソース ファイル</Filter>
    </ClInclude>
    <ClInclude Include="tkLog.h">
      <Filter>ソース ファイル</Filter>
    </ClInclude>
    <ClInclude Include="BaseTama.h">
      <Filter>ソース ファイル</Filter>
    </ClInclude>
    <ClInclude Include="EnemyTama.h">
      <Filter>ソース ファイル</Filter>
    </ClInclude>
  </ItemGroup>
</Project>